<?xml version="1.0" encoding="utf-8"?>
<Project ToolsVersion="4.0" xmlns="http://schemas.microsoft.com/developer/msbuild/2003">
  <ItemGroup>
    <Filter Include="Source Files">
      <UniqueIdentifier>{4FC737F1-C7A5-4376-A066-2A32D752A2FF}</UniqueIdentifier>
      <Extensions>cpp;c;cc;cxx;c++;cppm;ixx;def;odl;idl;hpj;bat;asm;asmx</Extensions>
    </Filter>
    <Filter Include="Header Files">
      <UniqueIdentifier>{93995380-89BD-4b04-88EB-625FBE52EBFB}</UniqueIdentifier>
      <Extensions>h;hh;hpp;hxx;h++;hm;inl;inc;ipp;xsd</Extensions>
    </Filter>
    <Filter Include="Resource Files">
      <UniqueIdentifier>{67DA6AB6-F800-4c08-8B7A-83BB121AAD01}</UniqueIdentifier>
      <Extensions>rc;ico;cur;bmp;dlg;rc2;rct;bin;rgs;gif;jpg;jpeg;jpe;resx;tiff;tif;png;wav;mfcribbon-ms</Extensions>
    </Filter>
  </ItemGroup>
  <ItemGroup>
    <ClInclude Include="resource.h">
      <Filter>Header Files</Filter>
    </ClInclude>
    <ClInclude Include="BspLeafLightFix.h">
      <Filter>Header Files</Filter>
    </ClInclude>
    <ClInclude Include="BspLeafLightTable.h">
      <Filter>Header Files</Filter>
    </ClInclude>
    <ClInclude Include="StringOperations.h">
      <Filter>Header Files</Filter>
    </ClInclude>
    <ClInclude Include="pch.h">
      <Filter>Header Files</Filter>
    </ClInclude>
    <ClInclude Include="MemoryWriter.h">
      <Filter>Header Files</Filter>
    </ClInclude>
    <ClInclude Include="logger.h">
      <Filter>Header Files</Filter>
    </ClInclude>
    <ClInclude Include="Hooks.h">
      <Filter>Header Files</Filter>
    </ClInclude>
    <ClInclude Include="Rendering.h">
      <Filter>Header Files</Filter>
    </ClInclude>
    <ClInclude Include="GameStructs.h">
      <Filter>Header Files</Filter>
    </ClInclude>
    <ClInclude Include="dllmain.h">
      <Filter>Header Files</Filter>
    </ClInclude>
    <ClInclude Include="Debug.h">
      <Filter>Header Files</Filter>
    </ClInclude>
    <ClInclude Include="framework.h">
      <Filter>Header Files</Filter>
    </ClInclude>
    <ClInclude Include="UI.h">
      <Filter>Header Files</Filter>
    </ClInclude>
    <ClInclude Include="General.h">
      <Filter>Header Files</Filter>
    </ClInclude>
    <ClInclude Include="PlayLevelCommand.h">
      <Filter>Header Files</Filter>
    </ClInclude>
    <ClInclude Include="PlayLevelConfig.h">
      <Filter>Header Files</Filter>
    </ClInclude>
    <ClInclude Include="Shadows.h">
      <Filter>Header Files</Filter>
    </ClInclude>
    <ClInclude Include="ShadowMapFilter.h">
      <Filter>Header Files</Filter>
    </ClInclude>
    <ClInclude Include="SoundBrowser.h">
      <Filter>Header Files</Filter>
    </ClInclude>
    <ClInclude Include="TextureBrowser.h">
      <Filter>Header Files</Filter>
    </ClInclude>
    <ClInclude Include="GEWireframeFix.h">
      <Filter>Header Files</Filter>
    </ClInclude>
    <ClInclude Include="LightmapFix.h">
      <Filter>Header Files</Filter>
    </ClInclude>
    <ClInclude Include="DialogFix.h">
      <Filter>Header Files</Filter>
    </ClInclude>
    <ClInclude Include="WindowDriftFix.h">
      <Filter>Header Files</Filter>
    </ClInclude>
    <ClInclude Include="DeintersectFix.h">
      <Filter>Header Files</Filter>
    </ClInclude>
    <ClInclude Include="MapUnlock.h">
      <Filter>Header Files</Filter>
    </ClInclude>
    <ClInclude Include="MapRecovery.h">
      <Filter>Header Files</Filter>
    </ClInclude>
    <ClInclude Include="RecoveredBspGeometry.h">
      <Filter>Header Files</Filter>
    </ClInclude>
    <ClInclude Include="RecoveredSurfacePartition.h">
      <Filter>Header Files</Filter>
    </ClInclude>
    <ClInclude Include="RecoveredPolygonImport.h">
      <Filter>Header Files</Filter>
    </ClInclude>
    <ClInclude Include="RecoveredActorImport.h">
      <Filter>Header Files</Filter>
    </ClInclude>
    <ClInclude Include="RecoveredAssetPackage.h">
      <Filter>Header Files</Filter>
    </ClInclude>
    <ClInclude Include="StaticMeshCollisionFix.h">
      <Filter>Header Files</Filter>
    </ClInclude>
    <ClInclude Include="StaticMeshBrowserFavorites.h">
      <Filter>Header Files</Filter>
    </ClInclude>
    <ClInclude Include="DdsImportFix.h">
      <Filter>Header Files</Filter>
    </ClInclude>
    <ClInclude Include="ProjectorDetachFix.h">
      <Filter>Header Files</Filter>
    </ClInclude>
    <ClInclude Include="SizingBoxFix.h">
      <Filter>Header Files</Filter>
    </ClInclude>
    <ClInclude Include="EngineLog.h">
      <Filter>Header Files</Filter>
    </ClInclude>
    <ClInclude Include="LightmapPacker.h">
      <Filter>Header Files</Filter>
    </ClInclude>
    <ClInclude Include="MapCheckLog.h">
      <Filter>Header Files</Filter>
    </ClInclude>
    <ClInclude Include="RebuildAllMaps.h">
      <Filter>Header Files</Filter>
    </ClInclude>
    <ClInclude Include="ViewportConfigFix.h">
      <Filter>Header Files</Filter>
    </ClInclude>
    <ClInclude Include="RealtimeFix.h">
      <Filter>Header Files</Filter>
    </ClInclude>
    <ClInclude Include="GEKeybindSwap.h">
      <Filter>Header Files</Filter>
    </ClInclude>
    <ClInclude Include="ReloadedOptions.h">
      <Filter>Header Files</Filter>
    </ClInclude>
    <ClInclude Include="BrowserOpenDir.h">
      <Filter>Header Files</Filter>
    </ClInclude>
    <ClInclude Include="AnimationBrowser.h">
      <Filter>Header Files</Filter>
    </ClInclude>
    <ClInclude Include="PropertyGrid.h">
      <Filter>Header Files</Filter>
    </ClInclude>
    <ClInclude Include="AmbientSoundZone.h">
      <Filter>Header Files</Filter>
    </ClInclude>
    <ClInclude Include="BspDiagnostics.h">
      <Filter>Header Files</Filter>
    </ClInclude>
    <ClInclude Include="BspTextureClipboard.h">
      <Filter>Header Files</Filter>
    </ClInclude>
    <ClInclude Include="CrashDiagnostics.h">
      <Filter>Header Files</Filter>
    </ClInclude>
    <ClInclude Include="LightmapPacker.h">
      <Filter>Header Files</Filter>
    </ClInclude>
    <ClInclude Include="LightCullFix.h">
      <Filter>Header Files</Filter>
    </ClInclude>
  </ItemGroup>
  <ItemGroup>
    <ClCompile Include="pch.cpp">
      <Filter>Source Files</Filter>
    </ClCompile>
    <ClCompile Include="logger.cpp">
      <Filter>Source Files</Filter>
    </ClCompile>
    <ClCompile Include="Rendering.cpp">
      <Filter>Source Files</Filter>
    </ClCompile>
    <ClCompile Include="dllmain.cpp">
      <Filter>Source Files</Filter>
    </ClCompile>
    <ClCompile Include="Debug.cpp">
      <Filter>Source Files</Filter>
    </ClCompile>
    <ClCompile Include="UI.cpp">
      <Filter>Source Files</Filter>
    </ClCompile>
    <ClCompile Include="General.cpp">
      <Filter>Source Files</Filter>
    </ClCompile>
    <ClCompile Include="Shadows.cpp">
      <Filter>Source Files</Filter>
    </ClCompile>
    <ClCompile Include="SoundBrowser.cpp">
      <Filter>Source Files</Filter>
    </ClCompile>
    <ClCompile Include="TextureBrowser.cpp">
      <Filter>Source Files</Filter>
    </ClCompile>
    <ClCompile Include="GEWireframeFix.cpp">
      <Filter>Source Files</Filter>
    </ClCompile>
    <ClCompile Include="LightmapFix.cpp">
      <Filter>Source Files</Filter>
    </ClCompile>
    <ClCompile Include="RealtimeFix.cpp">
      <Filter>Source Files</Filter>
    </ClCompile>
    <ClCompile Include="DialogFix.cpp">
      <Filter>Source Files</Filter>
    </ClCompile>
    <ClCompile Include="WindowDriftFix.cpp">
      <Filter>Source Files</Filter>
    </ClCompile>
    <ClCompile Include="DeintersectFix.cpp">
      <Filter>Source Files</Filter>
    </ClCompile>
    <ClCompile Include="MapUnlock.cpp">
      <Filter>Source Files</Filter>
    </ClCompile>
    <ClCompile Include="MapRecovery.cpp">
      <Filter>Source Files</Filter>
    </ClCompile>
    <ClCompile Include="RecoveredBspGeometry.cpp">
      <Filter>Source Files</Filter>
    </ClCompile>
    <ClCompile Include="RecoveredSurfacePartition.cpp">
      <Filter>Source Files</Filter>
    </ClCompile>
    <ClCompile Include="RecoveredPolygonImport.cpp">
      <Filter>Source Files</Filter>
    </ClCompile>
    <ClCompile Include="BspLeafLightFix.cpp">
      <Filter>Source Files</Filter>
    </ClCompile>
    <ClCompile Include="RecoveredActorImport.cpp">
      <Filter>Source Files</Filter>
    </ClCompile>
    <ClCompile Include="RecoveredAssetPackage.cpp">
      <Filter>Source Files</Filter>
    </ClCompile>
    <ClCompile Include="StaticMeshCollisionFix.cpp">
      <Filter>Source Files</Filter>
    </ClCompile>
    <ClCompile Include="StaticMeshBrowserFavorites.cpp">
      <Filter>Source Files</Filter>
    </ClCompile>
    <ClCompile Include="DdsImportFix.cpp">
      <Filter>Source Files</Filter>
    </ClCompile>
    <ClCompile Include="ProjectorDetachFix.cpp">
      <Filter>Source Files</Filter>
    </ClCompile>
    <ClCompile Include="SizingBoxFix.cpp">
      <Filter>Source Files</Filter>
    </ClCompile>
    <ClCompile Include="EngineLog.cpp">
      <Filter>Source Files</Filter>
    </ClCompile>
    <ClCompile Include="LightmapPacker.cpp">
      <Filter>Source Files</Filter>
    </ClCompile>
    <ClCompile Include="MapCheckLog.cpp">
      <Filter>Source Files</Filter>
    </ClCompile>
    <ClCompile Include="RebuildAllMaps.cpp">
      <Filter>Source Files</Filter>
    </ClCompile>
    <ClCompile Include="ViewportConfigFix.cpp">
      <Filter>Source Files</Filter>
    </ClCompile>
    <ClCompile Include="GEKeybindSwap.cpp">
      <Filter>Source Files</Filter>
    </ClCompile>
    <ClCompile Include="ReloadedOptions.cpp">
      <Filter>Source Files</Filter>
    </ClCompile>
    <ClCompile Include="BrowserOpenDir.cpp">
      <Filter>Source Files</Filter>
    </ClCompile>
    <ClCompile Include="AnimationBrowser.cpp">
      <Filter>Source Files</Filter>
    </ClCompile>
    <ClCompile Include="PropertyGrid.cpp">
      <Filter>Source Files</Filter>
    </ClCompile>
    <ClCompile Include="AmbientSoundZone.cpp">
      <Filter>Source Files</Filter>
    </ClCompile>
    <ClCompile Include="BspDiagnostics.cpp">
      <Filter>Source Files</Filter>
    </ClCompile>
    <ClCompile Include="BspTextureClipboard.cpp">
      <Filter>Source Files</Filter>
    </ClCompile>
    <ClCompile Include="CrashDiagnostics.cpp">
      <Filter>Source Files</Filter>
    </ClCompile>
    <ClCompile Include="LightCullFix.cpp">
      <Filter>Source Files</Filter>
    </ClCompile>
    <ClCompile Include="LightmapPacker.cpp">
      <Filter>Source Files</Filter>
    </ClCompile>
  </ItemGroup>
  <ItemGroup>
    <ResourceCompile Include="Reloaded.Editor.rc">
      <Filter>Resource Files</Filter>
    </ResourceCompile>
  </ItemGroup>
  <ItemGroup>
    <None Include="cpp.hint" />
  </ItemGroup>
  <ItemGroup>
    <ClInclude Include="GridSizeShortcut.h">
      <Filter>Header Files</Filter>
    </ClInclude>
    <ClInclude Include="GridSizeShortcutState.h">
      <Filter>Header Files</Filter>
    </ClInclude>
    <ClCompile Include="GridSizeShortcut.cpp">
      <Filter>Source Files</Filter>
    </ClCompile>
  </ItemGroup>
</Project>
